
Microsoft Visual Studio Solution File, Format Version 12.00
# Visual Studio Version 16
VisualStudioVersion = 16.0.32228.343
MinimumVisualStudioVersion = 10.0.40219.1
Project("{FAE04EC0-301F-11D3-BF4B-00C04F79EFBC}") = "LibNegContrerasMontesinos", "LibNegContrerasMontesinos\LibNegContrerasMontesinos.csproj", "{5F60B95A-9F57-4A2A-9F48-E066A06F9811}"
EndProject
Global
	GlobalSection(SolutionConfigurationPlatforms) = preSolution
		Debug|Any CPU = Debug|Any CPU
		Release|Any CPU = Release|Any CPU
	EndGlobalSection
	GlobalSection(ProjectConfigurationPlatforms) = postSolution
		{5F60B95A-9F57-4A2A-9F48-E066A06F9811}.Debug|Any CPU.ActiveCfg = Debug|Any CPU
		{5F60B95A-9F57-4A2A-9F48-E066A06F9811}.Debug|Any CPU.Build.0 = Debug|Any CPU
		{5F60B95A-9F57-4A2A-9F48-E066A06F9811}.Release|Any CPU.ActiveCfg = Release|Any CPU
		{5F60B95A-9F57-4A2A-9F48-E066A06F9811}.Release|Any CPU.Build.0 = Release|Any CPU
	EndGlobalSection
	GlobalSection(SolutionProperties) = preSolution
		HideSolutionNode = FALSE
	EndGlobalSection
	GlobalSection(ExtensibilityGlobals) = postSolution
		SolutionGuid = {907AE4FE-5ACE-482E-9C93-ECA322F27D70}
	EndGlobalSection
EndGlobal
